
Microsoft Visual Studio Solution File, Format Version 12.00
# Visual Studio Version 17
VisualStudioVersion = 17.0.31903.59
MinimumVisualStudioVersion = 10.0.40219.1
Project("{FAE04EC0-301F-11D3-BF4B-00C04F79EFBC}") = "Core", "src\Core\Core.csproj", "{0A5A93EA-4D0E-4D24-AF47-A7A1F79B6521}"
EndProject
Project("{FAE04EC0-301F-11D3-BF4B-00C04F79EFBC}") = "Protocol", "src\Protocol\Protocol.csproj", "{92FC31E7-78E9-4B80-9868-E8049F1E0417}"
EndProject
Project("{FAE04EC0-301F-11D3-BF4B-00C04F79EFBC}") = "Network", "src\Network\Network.csproj", "{CFE2C3E3-F891-48D1-B1F3-674C67F48EA8}"
EndProject
Project("{FAE04EC0-301F-11D3-BF4B-00C04F79EFBC}") = "Game", "src\Game\Game.csproj", "{44FE2A9C-27C7-4A2C-9352-1B01E52B97DC}"
EndProject
Project("{FAE04EC0-301F-11D3-BF4B-00C04F79EFBC}") = "Scripting", "src\Scripting\Scripting.csproj", "{8918DA7D-5593-4E85-A7E3-581569E43E61}"
EndProject
Project("{FAE04EC0-301F-11D3-BF4B-00C04F79EFBC}") = "Persistence", "src\Persistence\Persistence.csproj", "{FD7CD5FB-D5E0-40DA-98EA-31B5A5DB22AD}"
EndProject
Project("{FAE04EC0-301F-11D3-BF4B-00C04F79EFBC}") = "Admin", "src\Admin\Admin.csproj", "{1C401276-B557-43BA-81D5-1F2D98D0BA5C}"
EndProject
Project("{FAE04EC0-301F-11D3-BF4B-00C04F79EFBC}") = "Server", "src\Server\Server.csproj", "{936F78B9-932F-4864-842D-5BFA39E03A4A}"
EndProject
Project("{FAE04EC0-301F-11D3-BF4B-00C04F79EFBC}") = "Protocol.Tests", "tests\Protocol.Tests\Protocol.Tests.csproj", "{44B6D6C8-65F8-4B55-AB99-52DA19D0F436}"
EndProject
Project("{FAE04EC0-301F-11D3-BF4B-00C04F79EFBC}") = "Network.Tests", "tests\Network.Tests\Network.Tests.csproj", "{A4A2B2A9-AE3F-40CC-BF1B-A5AD5F42E0E7}"
EndProject
Project("{FAE04EC0-301F-11D3-BF4B-00C04F79EFBC}") = "Core.Tests", "tests\Core.Tests\Core.Tests.csproj", "{17363044-650B-4071-84AB-D4837307B964}"
EndProject
Project("{FAE04EC0-301F-11D3-BF4B-00C04F79EFBC}") = "Scripting.Tests", "tests\Scripting.Tests\Scripting.Tests.csproj", "{3921F908-48C8-405D-B842-ED7D9C057485}"
EndProject
Project("{2150E333-8FDC-42A3-9474-1A3956D46DE8}") = "tests", "tests", "{0AB3BF05-4346-4AA6-1389-037BE0695223}"
EndProject
Project("{FAE04EC0-301F-11D3-BF4B-00C04F79EFBC}") = "Persistence.Tests", "tests\Persistence.Tests\Persistence.Tests.csproj", "{51073E0B-C18F-47EF-8C75-BFC61E708C06}"
EndProject
Project("{2150E333-8FDC-42A3-9474-1A3956D46DE8}") = "src", "src", "{827E0CD3-B72D-47B6-A68D-7590B98EB39B}"
EndProject
Project("{FAE04EC0-301F-11D3-BF4B-00C04F79EFBC}") = "Game.Tests", "tests\Game.Tests\Game.Tests.csproj", "{0E6A05FC-3E46-4592-9D14-3E6AC82C20D8}"
EndProject
Project("{FAE04EC0-301F-11D3-BF4B-00C04F79EFBC}") = "Admin.Tests", "tests\Admin.Tests\Admin.Tests.csproj", "{63D38816-6014-45A3-854B-E6043E0B64ED}"
EndProject
Global
	GlobalSection(SolutionConfigurationPlatforms) = preSolution
		Debug|Any CPU = Debug|Any CPU
		Debug|x64 = Debug|x64
		Debug|x86 = Debug|x86
		Release|Any CPU = Release|Any CPU
		Release|x64 = Release|x64
		Release|x86 = Release|x86
	EndGlobalSection
	GlobalSection(ProjectConfigurationPlatforms) = postSolution
		{0A5A93EA-4D0E-4D24-AF47-A7A1F79B6521}.Debug|Any CPU.ActiveCfg = Debug|Any CPU
		{0A5A93EA-4D0E-4D24-AF47-A7A1F79B6521}.Debug|Any CPU.Build.0 = Debug|Any CPU
		{0A5A93EA-4D0E-4D24-AF47-A7A1F79B6521}.Debug|x64.ActiveCfg = Debug|Any CPU
		{0A5A93EA-4D0E-4D24-AF47-A7A1F79B6521}.Debug|x64.Build.0 = Debug|Any CPU
		{0A5A93EA-4D0E-4D24-AF47-A7A1F79B6521}.Debug|x86.ActiveCfg = Debug|Any CPU
		{0A5A93EA-4D0E-4D24-AF47-A7A1F79B6521}.Debug|x86.Build.0 = Debug|Any CPU
		{0A5A93EA-4D0E-4D24-AF47-A7A1F79B6521}.Release|Any CPU.ActiveCfg = Release|Any CPU
		{0A5A93EA-4D0E-4D24-AF47-A7A1F79B6521}.Release|Any CPU.Build.0 = Release|Any CPU
		{0A5A93EA-4D0E-4D24-AF47-A7A1F79B6521}.Release|x64.ActiveCfg = Release|Any CPU
		{0A5A93EA-4D0E-4D24-AF47-A7A1F79B6521}.Release|x64.Build.0 = Release|Any CPU
		{0A5A93EA-4D0E-4D24-AF47-A7A1F79B6521}.Release|x86.ActiveCfg = Release|Any CPU
		{0A5A93EA-4D0E-4D24-AF47-A7A1F79B6521}.Release|x86.Build.0 = Release|Any CPU
		{92FC31E7-78E9-4B80-9868-E8049F1E0417}.Debug|Any CPU.ActiveCfg = Debug|Any CPU
		{92FC31E7-78E9-4B80-9868-E8049F1E0417}.Debug|Any CPU.Build.0 = Debug|Any CPU
		{92FC31E7-78E9-4B80-9868-E8049F1E0417}.Debug|x64.ActiveCfg = Debug|Any CPU
		{92FC31E7-78E9-4B80-9868-E8049F1E0417}.Debug|x64.Build.0 = Debug|Any CPU
		{92FC31E7-78E9-4B80-9868-E8049F1E0417}.Debug|x86.ActiveCfg = Debug|Any CPU
		{92FC31E7-78E9-4B80-9868-E8049F1E0417}.Debug|x86.Build.0 = Debug|Any CPU
		{92FC31E7-78E9-4B80-9868-E8049F1E0417}.Release|Any CPU.ActiveCfg = Release|Any CPU
		{92FC31E7-78E9-4B80-9868-E8049F1E0417}.Release|Any CPU.Build.0 = Release|Any CPU
		{92FC31E7-78E9-4B80-9868-E8049F1E0417}.Release|x64.ActiveCfg = Release|Any CPU
		{92FC31E7-78E9-4B80-9868-E8049F1E0417}.Release|x64.Build.0 = Release|Any CPU
		{92FC31E7-78E9-4B80-9868-E8049F1E0417}.Release|x86.ActiveCfg = Release|Any CPU
		{92FC31E7-78E9-4B80-9868-E8049F1E0417}.Release|x86.Build.0 = Release|Any CPU
		{CFE2C3E3-F891-48D1-B1F3-674C67F48EA8}.Debug|Any CPU.ActiveCfg = Debug|Any CPU
		{CFE2C3E3-F891-48D1-B1F3-674C67F48EA8}.Debug|Any CPU.Build.0 = Debug|Any CPU
		{CFE2C3E3-F891-48D1-B1F3-674C67F48EA8}.Debug|x64.ActiveCfg = Debug|Any CPU
		{CFE2C3E3-F891-48D1-B1F3-674C67F48EA8}.Debug|x64.Build.0 = Debug|Any CPU
		{CFE2C3E3-F891-48D1-B1F3-674C67F48EA8}.Debug|x86.ActiveCfg = Debug|Any CPU
		{CFE2C3E3-F891-48D1-B1F3-674C67F48EA8}.Debug|x86.Build.0 = Debug|Any CPU
		{CFE2C3E3-F891-48D1-B1F3-674C67F48EA8}.Release|Any CPU.ActiveCfg = Release|Any CPU
		{CFE2C3E3-F891-48D1-B1F3-674C67F48EA8}.Release|Any CPU.Build.0 = Release|Any CPU
		{CFE2C3E3-F891-48D1-B1F3-674C67F48EA8}.Release|x64.ActiveCfg = Release|Any CPU
		{CFE2C3E3-F891-48D1-B1F3-674C67F48EA8}.Release|x64.Build.0 = Release|Any CPU
		{CFE2C3E3-F891-48D1-B1F3-674C67F48EA8}.Release|x86.ActiveCfg = Release|Any CPU
		{CFE2C3E3-F891-48D1-B1F3-674C67F48EA8}.Release|x86.Build.0 = Release|Any CPU
		{44FE2A9C-27C7-4A2C-9352-1B01E52B97DC}.Debug|Any CPU.ActiveCfg = Debug|Any CPU
		{44FE2A9C-27C7-4A2C-9352-1B01E52B97DC}.Debug|Any CPU.Build.0 = Debug|Any CPU
		{44FE2A9C-27C7-4A2C-9352-1B01E52B97DC}.Debug|x64.ActiveCfg = Debug|Any CPU
		{44FE2A9C-27C7-4A2C-9352-1B01E52B97DC}.Debug|x64.Build.0 = Debug|Any CPU
		{44FE2A9C-27C7-4A2C-9352-1B01E52B97DC}.Debug|x86.ActiveCfg = Debug|Any CPU
		{44FE2A9C-27C7-4A2C-9352-1B01E52B97DC}.Debug|x86.Build.0 = Debug|Any CPU
		{44FE2A9C-27C7-4A2C-9352-1B01E52B97DC}.Release|Any CPU.ActiveCfg = Release|Any CPU
		{44FE2A9C-27C7-4A2C-9352-1B01E52B97DC}.Release|Any CPU.Build.0 = Release|Any CPU
		{44FE2A9C-27C7-4A2C-9352-1B01E52B97DC}.Release|x64.ActiveCfg = Release|Any CPU
		{44FE2A9C-27C7-4A2C-9352-1B01E52B97DC}.Release|x64.Build.0 = Release|Any CPU
		{44FE2A9C-27C7-4A2C-9352-1B01E52B97DC}.Release|x86.ActiveCfg = Release|Any CPU
		{44FE2A9C-27C7-4A2C-9352-1B01E52B97DC}.Release|x86.Build.0 = Release|Any CPU
		{8918DA7D-5593-4E85-A7E3-581569E43E61}.Debug|Any CPU.ActiveCfg = Debug|Any CPU
		{8918DA7D-5593-4E85-A7E3-581569E43E61}.Debug|Any CPU.Build.0 = Debug|Any CPU
		{8918DA7D-5593-4E85-A7E3-581569E43E61}.Debug|x64.ActiveCfg = Debug|Any CPU
		{8918DA7D-5593-4E85-A7E3-581569E43E61}.Debug|x64.Build.0 = Debug|Any CPU
		{8918DA7D-5593-4E85-A7E3-581569E43E61}.Debug|x86.ActiveCfg = Debug|Any CPU
		{8918DA7D-5593-4E85-A7E3-581569E43E61}.Debug|x86.Build.0 = Debug|Any CPU
		{8918DA7D-5593-4E85-A7E3-581569E43E61}.Release|Any CPU.ActiveCfg = Release|Any CPU
		{8918DA7D-5593-4E85-A7E3-581569E43E61}.Release|Any CPU.Build.0 = Release|Any CPU
		{8918DA7D-5593-4E85-A7E3-581569E43E61}.Release|x64.ActiveCfg = Release|Any CPU
		{8918DA7D-5593-4E85-A7E3-581569E43E61}.Release|x64.Build.0 = Release|Any CPU
		{8918DA7D-5593-4E85-A7E3-581569E43E61}.Release|x86.ActiveCfg = Release|Any CPU
		{8918DA7D-5593-4E85-A7E3-581569E43E61}.Release|x86.Build.0 = Release|Any CPU
		{FD7CD5FB-D5E0-40DA-98EA-31B5A5DB22AD}.Debug|Any CPU.ActiveCfg = Debug|Any CPU
		{FD7CD5FB-D5E0-40DA-98EA-31B5A5DB22AD}.Debug|Any CPU.Build.0 = Debug|Any CPU
		{FD7CD5FB-D5E0-40DA-98EA-31B5A5DB22AD}.Debug|x64.ActiveCfg = Debug|Any CPU
		{FD7CD5FB-D5E0-40DA-98EA-31B5A5DB22AD}.Debug|x64.Build.0 = Debug|Any CPU
		{FD7CD5FB-D5E0-40DA-98EA-31B5A5DB22AD}.Debug|x86.ActiveCfg = Debug|Any CPU
		{FD7CD5FB-D5E0-40DA-98EA-31B5A5DB22AD}.Debug|x86.Build.0 = Debug|Any CPU
		{FD7CD5FB-D5E0-40DA-98EA-31B5A5DB22AD}.Release|Any CPU.ActiveCfg = Release|Any CPU
		{FD7CD5FB-D5E0-40DA-98EA-31B5A5DB22AD}.Release|Any CPU.Build.0 = Release|Any CPU
		{FD7CD5FB-D5E0-40DA-98EA-31B5A5DB22AD}.Release|x64.ActiveCfg = Release|Any CPU
		{FD7CD5FB-D5E0-40DA-98EA-31B5A5DB22AD}.Release|x64.Build.0 = Release|Any CPU
		{FD7CD5FB-D5E0-40DA-98EA-31B5A5DB22AD}.Release|x86.ActiveCfg = Release|Any CPU
		{FD7CD5FB-D5E0-40DA-98EA-31B5A5DB22AD}.Release|x86.Build.0 = Release|Any CPU
		{1C401276-B557-43BA-81D5-1F2D98D0BA5C}.Debug|Any CPU.ActiveCfg = Debug|Any CPU
		{1C401276-B557-43BA-81D5-1F2D98D0BA5C}.Debug|Any CPU.Build.0 = Debug|Any CPU
		{1C401276-B557-43BA-81D5-1F2D98D0BA5C}.Debug|x64.ActiveCfg = Debug|Any CPU
		{1C401276-B557-43BA-81D5-1F2D98D0BA5C}.Debug|x64.Build.0 = Debug|Any CPU
		{1C401276-B557-43BA-81D5-1F2D98D0BA5C}.Debug|x86.ActiveCfg = Debug|Any CPU
		{1C401276-B557-43BA-81D5-1F2D98D0BA5C}.Debug|x86.Build.0 = Debug|Any CPU
		{1C401276-B557-43BA-81D5-1F2D98D0BA5C}.Release|Any CPU.ActiveCfg = Release|Any CPU
		{1C401276-B557-43BA-81D5-1F2D98D0BA5C}.Release|Any CPU.Build.0 = Release|Any CPU
		{1C401276-B557-43BA-81D5-1F2D98D0BA5C}.Release|x64.ActiveCfg = Release|Any CPU
		{1C401276-B557-43BA-81D5-1F2D98D0BA5C}.Release|x64.Build.0 = Release|Any CPU
		{1C401276-B557-43BA-81D5-1F2D98D0BA5C}.Release|x86.ActiveCfg = Release|Any CPU
		{1C401276-B557-43BA-81D5-1F2D98D0BA5C}.Release|x86.Build.0 = Release|Any CPU
		{936F78B9-932F-4864-842D-5BFA39E03A4A}.Debug|Any CPU.ActiveCfg = Debug|Any CPU
		{936F78B9-932F-4864-842D-5BFA39E03A4A}.Debug|Any CPU.Build.0 = Debug|Any CPU
		{936F78B9-932F-4864-842D-5BFA39E03A4A}.Debug|x64.ActiveCfg = Debug|Any CPU
		{936F78B9-932F-4864-842D-5BFA39E03A4A}.Debug|x64.Build.0 = Debug|Any CPU
		{936F78B9-932F-4864-842D-5BFA39E03A4A}.Debug|x86.ActiveCfg = Debug|Any CPU
		{936F78B9-932F-4864-842D-5BFA39E03A4A}.Debug|x86.Build.0 = Debug|Any CPU
		{936F78B9-932F-4864-842D-5BFA39E03A4A}.Release|Any CPU.ActiveCfg = Release|Any CPU
		{936F78B9-932F-4864-842D-5BFA39E03A4A}.Release|Any CPU.Build.0 = Release|Any CPU
		{936F78B9-932F-4864-842D-5BFA39E03A4A}.Release|x64.ActiveCfg = Release|Any CPU
		{936F78B9-932F-4864-842D-5BFA39E03A4A}.Release|x64.Build.0 = Release|Any CPU
		{936F78B9-932F-4864-842D-5BFA39E03A4A}.Release|x86.ActiveCfg = Release|Any CPU
		{936F78B9-932F-4864-842D-5BFA39E03A4A}.Release|x86.Build.0 = Release|Any CPU
		{44B6D6C8-65F8-4B55-AB99-52DA19D0F436}.Debug|Any CPU.ActiveCfg = Debug|Any CPU
		{44B6D6C8-65F8-4B55-AB99-52DA19D0F436}.Debug|Any CPU.Build.0 = Debug|Any CPU
		{44B6D6C8-65F8-4B55-AB99-52DA19D0F436}.Debug|x64.ActiveCfg = Debug|Any CPU
		{44B6D6C8-65F8-4B55-AB99-52DA19D0F436}.Debug|x64.Build.0 = Debug|Any CPU
		{44B6D6C8-65F8-4B55-AB99-52DA19D0F436}.Debug|x86.ActiveCfg = Debug|Any CPU
		{44B6D6C8-65F8-4B55-AB99-52DA19D0F436}.Debug|x86.Build.0 = Debug|Any CPU
		{44B6D6C8-65F8-4B55-AB99-52DA19D0F436}.Release|Any CPU.ActiveCfg = Release|Any CPU
		{44B6D6C8-65F8-4B55-AB99-52DA19D0F436}.Release|Any CPU.Build.0 = Release|Any CPU
		{44B6D6C8-65F8-4B55-AB99-52DA19D0F436}.Release|x64.ActiveCfg = Release|Any CPU
		{44B6D6C8-65F8-4B55-AB99-52DA19D0F436}.Release|x64.Build.0 = Release|Any CPU
		{44B6D6C8-65F8-4B55-AB99-52DA19D0F436}.Release|x86.ActiveCfg = Release|Any CPU
		{44B6D6C8-65F8-4B55-AB99-52DA19D0F436}.Release|x86.Build.0 = Release|Any CPU
		{A4A2B2A9-AE3F-40CC-BF1B-A5AD5F42E0E7}.Debug|Any CPU.ActiveCfg = Debug|Any CPU
		{A4A2B2A9-AE3F-40CC-BF1B-A5AD5F42E0E7}.Debug|Any CPU.Build.0 = Debug|Any CPU
		{A4A2B2A9-AE3F-40CC-BF1B-A5AD5F42E0E7}.Debug|x64.ActiveCfg = Debug|Any CPU
		{A4A2B2A9-AE3F-40CC-BF1B-A5AD5F42E0E7}.Debug|x64.Build.0 = Debug|Any CPU
		{A4A2B2A9-AE3F-40CC-BF1B-A5AD5F42E0E7}.Debug|x86.ActiveCfg = Debug|Any CPU
		{A4A2B2A9-AE3F-40CC-BF1B-A5AD5F42E0E7}.Debug|x86.Build.0 = Debug|Any CPU
		{A4A2B2A9-AE3F-40CC-BF1B-A5AD5F42E0E7}.Release|Any CPU.ActiveCfg = Release|Any CPU
		{A4A2B2A9-AE3F-40CC-BF1B-A5AD5F42E0E7}.Release|Any CPU.Build.0 = Release|Any CPU
		{A4A2B2A9-AE3F-40CC-BF1B-A5AD5F42E0E7}.Release|x64.ActiveCfg = Release|Any CPU
		{A4A2B2A9-AE3F-40CC-BF1B-A5AD5F42E0E7}.Release|x64.Build.0 = Release|Any CPU
		{A4A2B2A9-AE3F-40CC-BF1B-A5AD5F42E0E7}.Release|x86.ActiveCfg = Release|Any CPU
		{A4A2B2A9-AE3F-40CC-BF1B-A5AD5F42E0E7}.Release|x86.Build.0 = Release|Any CPU
		{17363044-650B-4071-84AB-D4837307B964}.Debug|Any CPU.ActiveCfg = Debug|Any CPU
		{17363044-650B-4071-84AB-D4837307B964}.Debug|Any CPU.Build.0 = Debug|Any CPU
		{17363044-650B-4071-84AB-D4837307B964}.Debug|x64.ActiveCfg = Debug|Any CPU
		{17363044-650B-4071-84AB-D4837307B964}.Debug|x64.Build.0 = Debug|Any CPU
		{17363044-650B-4071-84AB-D4837307B964}.Debug|x86.ActiveCfg = Debug|Any CPU
		{17363044-650B-4071-84AB-D4837307B964}.Debug|x86.Build.0 = Debug|Any CPU
		{17363044-650B-4071-84AB-D4837307B964}.Release|Any CPU.ActiveCfg = Release|Any CPU
		{17363044-650B-4071-84AB-D4837307B964}.Release|Any CPU.Build.0 = Release|Any CPU
		{17363044-650B-4071-84AB-D4837307B964}.Release|x64.ActiveCfg = Release|Any CPU
		{17363044-650B-4071-84AB-D4837307B964}.Release|x64.Build.0 = Release|Any CPU
		{17363044-650B-4071-84AB-D4837307B964}.Release|x86.ActiveCfg = Release|Any CPU
		{17363044-650B-4071-84AB-D4837307B964}.Release|x86.Build.0 = Release|Any CPU
		{3921F908-48C8-405D-B842-ED7D9C057485}.Debug|Any CPU.ActiveCfg = Debug|Any CPU
		{3921F908-48C8-405D-B842-ED7D9C057485}.Debug|Any CPU.Build.0 = Debug|Any CPU
		{3921F908-48C8-405D-B842-ED7D9C057485}.Debug|x64.ActiveCfg = Debug|Any CPU
		{3921F908-48C8-405D-B842-ED7D9C057485}.Debug|x64.Build.0 = Debug|Any CPU
		{3921F908-48C8-405D-B842-ED7D9C057485}.Debug|x86.ActiveCfg = Debug|Any CPU
		{3921F908-48C8-405D-B842-ED7D9C057485}.Debug|x86.Build.0 = Debug|Any CPU
		{3921F908-48C8-405D-B842-ED7D9C057485}.Release|Any CPU.ActiveCfg = Release|Any CPU
		{3921F908-48C8-405D-B842-ED7D9C057485}.Release|Any CPU.Build.0 = Release|Any CPU
		{3921F908-48C8-405D-B842-ED7D9C057485}.Release|x64.ActiveCfg = Release|Any CPU
		{3921F908-48C8-405D-B842-ED7D9C057485}.Release|x64.Build.0 = Release|Any CPU
		{3921F908-48C8-405D-B842-ED7D9C057485}.Release|x86.ActiveCfg = Release|Any CPU
		{3921F908-48C8-405D-B842-ED7D9C057485}.Release|x86.Build.0 = Release|Any CPU
		{51073E0B-C18F-47EF-8C75-BFC61E708C06}.Debug|Any CPU.ActiveCfg = Debug|Any CPU
		{51073E0B-C18F-47EF-8C75-BFC61E708C06}.Debug|Any CPU.Build.0 = Debug|Any CPU
		{51073E0B-C18F-47EF-8C75-BFC61E708C06}.Debug|x64.ActiveCfg = Debug|Any CPU
		{51073E0B-C18F-47EF-8C75-BFC61E708C06}.Debug|x64.Build.0 = Debug|Any CPU
		{51073E0B-C18F-47EF-8C75-BFC61E708C06}.Debug|x86.ActiveCfg = Debug|Any CPU
		{51073E0B-C18F-47EF-8C75-BFC61E708C06}.Debug|x86.Build.0 = Debug|Any CPU
		{51073E0B-C18F-47EF-8C75-BFC61E708C06}.Release|Any CPU.ActiveCfg = Release|Any CPU
		{51073E0B-C18F-47EF-8C75-BFC61E708C06}.Release|Any CPU.Build.0 = Release|Any CPU
		{51073E0B-C18F-47EF-8C75-BFC61E708C06}.Release|x64.ActiveCfg = Release|Any CPU
		{51073E0B-C18F-47EF-8C75-BFC61E708C06}.Release|x64.Build.0 = Release|Any CPU
		{51073E0B-C18F-47EF-8C75-BFC61E708C06}.Release|x86.ActiveCfg = Release|Any CPU
		{51073E0B-C18F-47EF-8C75-BFC61E708C06}.Release|x86.Build.0 = Release|Any CPU
		{0E6A05FC-3E46-4592-9D14-3E6AC82C20D8}.Debug|Any CPU.ActiveCfg = Debug|Any CPU
		{0E6A05FC-3E46-4592-9D14-3E6AC82C20D8}.Debug|Any CPU.Build.0 = Debug|Any CPU
		{0E6A05FC-3E46-4592-9D14-3E6AC82C20D8}.Debug|x64.ActiveCfg = Debug|Any CPU
		{0E6A05FC-3E46-4592-9D14-3E6AC82C20D8}.Debug|x64.Build.0 = Debug|Any CPU
		{0E6A05FC-3E46-4592-9D14-3E6AC82C20D8}.Debug|x86.ActiveCfg = Debug|Any CPU
		{0E6A05FC-3E46-4592-9D14-3E6AC82C20D8}.Debug|x86.Build.0 = Debug|Any CPU
		{0E6A05FC-3E46-4592-9D14-3E6AC82C20D8}.Release|Any CPU.ActiveCfg = Release|Any CPU
		{0E6A05FC-3E46-4592-9D14-3E6AC82C20D8}.Release|Any CPU.Build.0 = Release|Any CPU
		{0E6A05FC-3E46-4592-9D14-3E6AC82C20D8}.Release|x64.ActiveCfg = Release|Any CPU
		{0E6A05FC-3E46-4592-9D14-3E6AC82C20D8}.Release|x64.Build.0 = Release|Any CPU
		{0E6A05FC-3E46-4592-9D14-3E6AC82C20D8}.Release|x86.ActiveCfg = Release|Any CPU
		{0E6A05FC-3E46-4592-9D14-3E6AC82C20D8}.Release|x86.Build.0 = Release|Any CPU
		{63D38816-6014-45A3-854B-E6043E0B64ED}.Debug|Any CPU.ActiveCfg = Debug|Any CPU
		{63D38816-6014-45A3-854B-E6043E0B64ED}.Debug|Any CPU.Build.0 = Debug|Any CPU
		{63D38816-6014-45A3-854B-E6043E0B64ED}.Debug|x64.ActiveCfg = Debug|Any CPU
		{63D38816-6014-45A3-854B-E6043E0B64ED}.Debug|x64.Build.0 = Debug|Any CPU
		{63D38816-6014-45A3-854B-E6043E0B64ED}.Debug|x86.ActiveCfg = Debug|Any CPU
		{63D38816-6014-45A3-854B-E6043E0B64ED}.Debug|x86.Build.0 = Debug|Any CPU
		{63D38816-6014-45A3-854B-E6043E0B64ED}.Release|Any CPU.ActiveCfg = Release|Any CPU
		{63D38816-6014-45A3-854B-E6043E0B64ED}.Release|Any CPU.Build.0 = Release|Any CPU
		{63D38816-6014-45A3-854B-E6043E0B64ED}.Release|x64.ActiveCfg = Release|Any CPU
		{63D38816-6014-45A3-854B-E6043E0B64ED}.Release|x64.Build.0 = Release|Any CPU
		{63D38816-6014-45A3-854B-E6043E0B64ED}.Release|x86.ActiveCfg = Release|Any CPU
		{63D38816-6014-45A3-854B-E6043E0B64ED}.Release|x86.Build.0 = Release|Any CPU
	EndGlobalSection
	GlobalSection(SolutionProperties) = preSolution
		HideSolutionNode = FALSE
	EndGlobalSection
	GlobalSection(NestedProjects) = preSolution
		{51073E0B-C18F-47EF-8C75-BFC61E708C06} = {0AB3BF05-4346-4AA6-1389-037BE0695223}
		{0E6A05FC-3E46-4592-9D14-3E6AC82C20D8} = {0AB3BF05-4346-4AA6-1389-037BE0695223}
		{63D38816-6014-45A3-854B-E6043E0B64ED} = {0AB3BF05-4346-4AA6-1389-037BE0695223}
	EndGlobalSection
EndGlobal
